
Microsoft Visual Studio Solution File, Format Version 12.00
# Visual Studio Version 17
VisualStudioVersion = 17.5.002.0
MinimumVisualStudioVersion = 10.0.40219.1
Project("{9A19103F-16F7-4668-BE54-9A1E7A4F7556}") = "001_Aula", "001_Aula\001_Aula.csproj", "{A4704F2C-E25B-4815-B976-9B8980F1E521}"
EndProject
Project("{9A19103F-16F7-4668-BE54-9A1E7A4F7556}") = "003_aula", "003_aula\003_aula.csproj", "{E9E9FAA9-4ECD-4BF8-9B73-3AED0FB52190}"
EndProject
Project("{9A19103F-16F7-4668-BE54-9A1E7A4F7556}") = "005_aula", "005_aula\005_aula.csproj", "{356DBE49-EB16-4FAC-AB2C-FC2CBB911A16}"
EndProject
Project("{9A19103F-16F7-4668-BE54-9A1E7A4F7556}") = "006_aula", "006_aula\006_aula.csproj", "{5CBF1092-A5FE-4804-AD9C-4AB91F4FC04D}"
EndProject
Project("{9A19103F-16F7-4668-BE54-9A1E7A4F7556}") = "007_aula", "007_aula\007_aula.csproj", "{D51B794F-D8A4-4C6B-96B7-0878F747D565}"
EndProject
Project("{9A19103F-16F7-4668-BE54-9A1E7A4F7556}") = "008_Aula", "008_Aula\008_Aula.csproj", "{55AD2C27-F1A8-42EC-A357-5F2EA51EBF11}"
EndProject
Project("{9A19103F-16F7-4668-BE54-9A1E7A4F7556}") = "009_Aula", "009_Aula\009_Aula.csproj", "{CBF46567-5CE8-492B-8AA3-57B96602BDBC}"
EndProject
Project("{9A19103F-16F7-4668-BE54-9A1E7A4F7556}") = "010_Aula", "010_Aula\010_Aula.csproj", "{19BE6742-24D6-4796-A7BD-B7E55071564A}"
EndProject
Project("{9A19103F-16F7-4668-BE54-9A1E7A4F7556}") = "011_aula", "011_aula\011_aula.csproj", "{79DEF064-93D1-4354-94DC-A1833C24F455}"
EndProject
Project("{9A19103F-16F7-4668-BE54-9A1E7A4F7556}") = "teste", "teste\teste.csproj", "{A25612D5-1F5E-4B41-839E-351EB89C0842}"
EndProject
Project("{9A19103F-16F7-4668-BE54-9A1E7A4F7556}") = "TesteCalculadora", "TesteCalculadora\TesteCalculadora.csproj", "{B5653D59-428E-4B0F-AA1C-A7B6037341E5}"
EndProject
Project("{2150E333-8FDC-42A3-9474-1A3956D46DE8}") = "002_Aula", "002_Aula", "{5F93BF98-B4EF-4EAC-9FF3-1B509B61F249}"
EndProject
Project("{9A19103F-16F7-4668-BE54-9A1E7A4F7556}") = "exercicio_001", "002_Aula\exercicio_001\exercicio_001.csproj", "{437EE2BA-083A-464E-8CCA-BAD6E02F84DE}"
EndProject
Project("{9A19103F-16F7-4668-BE54-9A1E7A4F7556}") = "exercicio_002", "002_Aula\exercicio_002\exercicio_002.csproj", "{6C44BE05-7355-4812-9034-07A502A86E0B}"
EndProject
Project("{9A19103F-16F7-4668-BE54-9A1E7A4F7556}") = "exercicio_003", "002_Aula\exercicio_003\exercicio_003.csproj", "{47F0A932-C6C8-4411-BAF2-8672F04EC08D}"
EndProject
Project("{2150E333-8FDC-42A3-9474-1A3956D46DE8}") = "004_aula", "004_aula", "{51CE487F-7030-4CB6-B8E1-32C475883616}"
EndProject
Project("{9A19103F-16F7-4668-BE54-9A1E7A4F7556}") = "exercicio_01", "004_aula\exercicio_01\exercicio_01.csproj", "{37BB2DED-E389-49AB-A54E-98A77D31172B}"
EndProject
Project("{9A19103F-16F7-4668-BE54-9A1E7A4F7556}") = "exercicio_02", "004_aula\exercicio_02\exercicio_02.csproj", "{5BB52690-8D57-44D9-ADFC-FE2AE6061153}"
EndProject
Global
	GlobalSection(SolutionConfigurationPlatforms) = preSolution
		Debug|Any CPU = Debug|Any CPU
		Release|Any CPU = Release|Any CPU
	EndGlobalSection
	GlobalSection(ProjectConfigurationPlatforms) = postSolution
		{A4704F2C-E25B-4815-B976-9B8980F1E521}.Debug|Any CPU.ActiveCfg = Debug|Any CPU
		{A4704F2C-E25B-4815-B976-9B8980F1E521}.Debug|Any CPU.Build.0 = Debug|Any CPU
		{A4704F2C-E25B-4815-B976-9B8980F1E521}.Release|Any CPU.ActiveCfg = Release|Any CPU
		{A4704F2C-E25B-4815-B976-9B8980F1E521}.Release|Any CPU.Build.0 = Release|Any CPU
		{E9E9FAA9-4ECD-4BF8-9B73-3AED0FB52190}.Debug|Any CPU.ActiveCfg = Debug|Any CPU
		{E9E9FAA9-4ECD-4BF8-9B73-3AED0FB52190}.Debug|Any CPU.Build.0 = Debug|Any CPU
		{E9E9FAA9-4ECD-4BF8-9B73-3AED0FB52190}.Release|Any CPU.ActiveCfg = Release|Any CPU
		{E9E9FAA9-4ECD-4BF8-9B73-3AED0FB52190}.Release|Any CPU.Build.0 = Release|Any CPU
		{356DBE49-EB16-4FAC-AB2C-FC2CBB911A16}.Debug|Any CPU.ActiveCfg = Debug|Any CPU
		{356DBE49-EB16-4FAC-AB2C-FC2CBB911A16}.Debug|Any CPU.Build.0 = Debug|Any CPU
		{356DBE49-EB16-4FAC-AB2C-FC2CBB911A16}.Release|Any CPU.ActiveCfg = Release|Any CPU
		{356DBE49-EB16-4FAC-AB2C-FC2CBB911A16}.Release|Any CPU.Build.0 = Release|Any CPU
		{5CBF1092-A5FE-4804-AD9C-4AB91F4FC04D}.Debug|Any CPU.ActiveCfg = Debug|Any CPU
		{5CBF1092-A5FE-4804-AD9C-4AB91F4FC04D}.Debug|Any CPU.Build.0 = Debug|Any CPU
		{5CBF1092-A5FE-4804-AD9C-4AB91F4FC04D}.Release|Any CPU.ActiveCfg = Release|Any CPU
		{5CBF1092-A5FE-4804-AD9C-4AB91F4FC04D}.Release|Any CPU.Build.0 = Release|Any CPU
		{D51B794F-D8A4-4C6B-96B7-0878F747D565}.Debug|Any CPU.ActiveCfg = Debug|Any CPU
		{D51B794F-D8A4-4C6B-96B7-0878F747D565}.Debug|Any CPU.Build.0 = Debug|Any CPU
		{D51B794F-D8A4-4C6B-96B7-0878F747D565}.Release|Any CPU.ActiveCfg = Release|Any CPU
		{D51B794F-D8A4-4C6B-96B7-0878F747D565}.Release|Any CPU.Build.0 = Release|Any CPU
		{55AD2C27-F1A8-42EC-A357-5F2EA51EBF11}.Debug|Any CPU.ActiveCfg = Debug|Any CPU
		{55AD2C27-F1A8-42EC-A357-5F2EA51EBF11}.Debug|Any CPU.Build.0 = Debug|Any CPU
		{55AD2C27-F1A8-42EC-A357-5F2EA51EBF11}.Release|Any CPU.ActiveCfg = Release|Any CPU
		{55AD2C27-F1A8-42EC-A357-5F2EA51EBF11}.Release|Any CPU.Build.0 = Release|Any CPU
		{CBF46567-5CE8-492B-8AA3-57B96602BDBC}.Debug|Any CPU.ActiveCfg = Debug|Any CPU
		{CBF46567-5CE8-492B-8AA3-57B96602BDBC}.Debug|Any CPU.Build.0 = Debug|Any CPU
		{CBF46567-5CE8-492B-8AA3-57B96602BDBC}.Release|Any CPU.ActiveCfg = Release|Any CPU
		{CBF46567-5CE8-492B-8AA3-57B96602BDBC}.Release|Any CPU.Build.0 = Release|Any CPU
		{19BE6742-24D6-4796-A7BD-B7E55071564A}.Debug|Any CPU.ActiveCfg = Debug|Any CPU
		{19BE6742-24D6-4796-A7BD-B7E55071564A}.Debug|Any CPU.Build.0 = Debug|Any CPU
		{19BE6742-24D6-4796-A7BD-B7E55071564A}.Release|Any CPU.ActiveCfg = Release|Any CPU
		{19BE6742-24D6-4796-A7BD-B7E55071564A}.Release|Any CPU.Build.0 = Release|Any CPU
		{79DEF064-93D1-4354-94DC-A1833C24F455}.Debug|Any CPU.ActiveCfg = Debug|Any CPU
		{79DEF064-93D1-4354-94DC-A1833C24F455}.Debug|Any CPU.Build.0 = Debug|Any CPU
		{79DEF064-93D1-4354-94DC-A1833C24F455}.Release|Any CPU.ActiveCfg = Release|Any CPU
		{79DEF064-93D1-4354-94DC-A1833C24F455}.Release|Any CPU.Build.0 = Release|Any CPU
		{A25612D5-1F5E-4B41-839E-351EB89C0842}.Debug|Any CPU.ActiveCfg = Debug|Any CPU
		{A25612D5-1F5E-4B41-839E-351EB89C0842}.Debug|Any CPU.Build.0 = Debug|Any CPU
		{A25612D5-1F5E-4B41-839E-351EB89C0842}.Release|Any CPU.ActiveCfg = Release|Any CPU
		{A25612D5-1F5E-4B41-839E-351EB89C0842}.Release|Any CPU.Build.0 = Release|Any CPU
		{B5653D59-428E-4B0F-AA1C-A7B6037341E5}.Debug|Any CPU.ActiveCfg = Debug|Any CPU
		{B5653D59-428E-4B0F-AA1C-A7B6037341E5}.Debug|Any CPU.Build.0 = Debug|Any CPU
		{B5653D59-428E-4B0F-AA1C-A7B6037341E5}.Release|Any CPU.ActiveCfg = Release|Any CPU
		{B5653D59-428E-4B0F-AA1C-A7B6037341E5}.Release|Any CPU.Build.0 = Release|Any CPU
		{437EE2BA-083A-464E-8CCA-BAD6E02F84DE}.Debug|Any CPU.ActiveCfg = Debug|Any CPU
		{437EE2BA-083A-464E-8CCA-BAD6E02F84DE}.Debug|Any CPU.Build.0 = Debug|Any CPU
		{437EE2BA-083A-464E-8CCA-BAD6E02F84DE}.Release|Any CPU.ActiveCfg = Release|Any CPU
		{437EE2BA-083A-464E-8CCA-BAD6E02F84DE}.Release|Any CPU.Build.0 = Release|Any CPU
		{6C44BE05-7355-4812-9034-07A502A86E0B}.Debug|Any CPU.ActiveCfg = Debug|Any CPU
		{6C44BE05-7355-4812-9034-07A502A86E0B}.Debug|Any CPU.Build.0 = Debug|Any CPU
		{6C44BE05-7355-4812-9034-07A502A86E0B}.Release|Any CPU.ActiveCfg = Release|Any CPU
		{6C44BE05-7355-4812-9034-07A502A86E0B}.Release|Any CPU.Build.0 = Release|Any CPU
		{47F0A932-C6C8-4411-BAF2-8672F04EC08D}.Debug|Any CPU.ActiveCfg = Debug|Any CPU
		{47F0A932-C6C8-4411-BAF2-8672F04EC08D}.Debug|Any CPU.Build.0 = Debug|Any CPU
		{47F0A932-C6C8-4411-BAF2-8672F04EC08D}.Release|Any CPU.ActiveCfg = Release|Any CPU
		{47F0A932-C6C8-4411-BAF2-8672F04EC08D}.Release|Any CPU.Build.0 = Release|Any CPU
		{37BB2DED-E389-49AB-A54E-98A77D31172B}.Debug|Any CPU.ActiveCfg = Debug|Any CPU
		{37BB2DED-E389-49AB-A54E-98A77D31172B}.Debug|Any CPU.Build.0 = Debug|Any CPU
		{37BB2DED-E389-49AB-A54E-98A77D31172B}.Release|Any CPU.ActiveCfg = Release|Any CPU
		{37BB2DED-E389-49AB-A54E-98A77D31172B}.Release|Any CPU.Build.0 = Release|Any CPU
		{5BB52690-8D57-44D9-ADFC-FE2AE6061153}.Debug|Any CPU.ActiveCfg = Debug|Any CPU
		{5BB52690-8D57-44D9-ADFC-FE2AE6061153}.Debug|Any CPU.Build.0 = Debug|Any CPU
		{5BB52690-8D57-44D9-ADFC-FE2AE6061153}.Release|Any CPU.ActiveCfg = Release|Any CPU
		{5BB52690-8D57-44D9-ADFC-FE2AE6061153}.Release|Any CPU.Build.0 = Release|Any CPU
	EndGlobalSection
	GlobalSection(SolutionProperties) = preSolution
		HideSolutionNode = FALSE
	EndGlobalSection
	GlobalSection(NestedProjects) = preSolution
		{437EE2BA-083A-464E-8CCA-BAD6E02F84DE} = {5F93BF98-B4EF-4EAC-9FF3-1B509B61F249}
		{6C44BE05-7355-4812-9034-07A502A86E0B} = {5F93BF98-B4EF-4EAC-9FF3-1B509B61F249}
		{47F0A932-C6C8-4411-BAF2-8672F04EC08D} = {5F93BF98-B4EF-4EAC-9FF3-1B509B61F249}
		{37BB2DED-E389-49AB-A54E-98A77D31172B} = {51CE487F-7030-4CB6-B8E1-32C475883616}
		{5BB52690-8D57-44D9-ADFC-FE2AE6061153} = {51CE487F-7030-4CB6-B8E1-32C475883616}
	EndGlobalSection
	GlobalSection(ExtensibilityGlobals) = postSolution
		SolutionGuid = {55BA70EF-6AB8-4CFE-B0A1-4E2D63390414}
	EndGlobalSection
EndGlobal
